
Microsoft Visual Studio Solution File, Format Version 12.00
# Visual Studio Version 17
VisualStudioVersion = 17.9.34723.18
MinimumVisualStudioVersion = 10.0.40219.1
Project("{2150E333-8FDC-42A3-9474-1A3956D46DE8}") = "Services", "Services", "{84B83AF8-BE7C-4FF9-A903-1D7EAB5FE728}"
EndProject
Project("{2150E333-8FDC-42A3-9474-1A3956D46DE8}") = "Catalog", "Catalog", "{075D4998-D445-4ED0-9443-A47B1C338EB2}"
EndProject
Project("{9A19103F-16F7-4668-BE54-9A1E7A4F7556}") = "Catalog.API", "Services\Catalog\Catalog.API\Catalog.API.csproj", "{CF6D1796-3846-4462-BF15-33752561708C}"
EndProject
Project("{2150E333-8FDC-42A3-9474-1A3956D46DE8}") = "BuildingBlocks", "BuildingBlocks", "{4ED49305-70B1-4661-9F82-0148BD340A97}"
EndProject
Project("{9A19103F-16F7-4668-BE54-9A1E7A4F7556}") = "BuildingBlocks", "BuildingBlocks\BuildingBlocks\BuildingBlocks.csproj", "{583E24CD-B5A2-4CF7-ACDC-DEAF53A4B1EB}"
EndProject
Project("{E53339B2-1760-4266-BCC7-CA923CBCF16C}") = "docker-compose", "docker-compose.dcproj", "{EB9BA851-904D-44D5-BF58-A08EE65EE212}"
EndProject
Project("{2150E333-8FDC-42A3-9474-1A3956D46DE8}") = "Basket", "Basket", "{8EBC17D0-0869-464B-BD76-B3C25495C380}"
EndProject
Project("{9A19103F-16F7-4668-BE54-9A1E7A4F7556}") = "Basket.API", "Services\Basket\Basket.API\Basket.API.csproj", "{175A5997-2D92-4FFF-B170-D4D08086FAA0}"
EndProject
Project("{2150E333-8FDC-42A3-9474-1A3956D46DE8}") = "Discount", "Discount", "{04C4BE82-4D6B-47B5-B0EC-C60C801377BB}"
EndProject
Project("{9A19103F-16F7-4668-BE54-9A1E7A4F7556}") = "Discount.Grpc", "Services\Discount\Discount.Grpc\Discount.Grpc.csproj", "{0E42BA83-4BF6-4185-961E-DFF9B38F757B}"
EndProject
Project("{2150E333-8FDC-42A3-9474-1A3956D46DE8}") = "Ordering", "Ordering", "{B4282C8A-FE96-42BF-BB94-8684D1336F88}"
EndProject
Project("{9A19103F-16F7-4668-BE54-9A1E7A4F7556}") = "Ordering.API", "Services\Ordering\Ordering.API\Ordering.API.csproj", "{3B8F1963-FE7E-4242-B21E-0FD0422DCA08}"
EndProject
Project("{9A19103F-16F7-4668-BE54-9A1E7A4F7556}") = "Ordering.Domain", "Services\Ordering\Ordering.Domain\Ordering.Domain.csproj", "{26428570-A401-488E-983C-2CEBB26F372E}"
EndProject
Project("{9A19103F-16F7-4668-BE54-9A1E7A4F7556}") = "Ordering.Application", "Services\Ordering\Ordering.Application\Ordering.Application.csproj", "{7C2D1955-39B3-4863-A083-D4EE42263ED0}"
EndProject
Project("{9A19103F-16F7-4668-BE54-9A1E7A4F7556}") = "Ordering.Infrastructure", "Services\Ordering\Ordering.Infrastructure\Ordering.Infrastructure.csproj", "{86327DE0-9452-4907-BBDB-3FA617B4A256}"
EndProject
Project("{9A19103F-16F7-4668-BE54-9A1E7A4F7556}") = "BuildingBlocks.Messaging", "BuildingBlocks\BuildingBlocks.Messaging\BuildingBlocks.Messaging.csproj", "{D0CC8B4E-43E0-490C-87C0-6EDAAE70B0A0}"
EndProject
Project("{2150E333-8FDC-42A3-9474-1A3956D46DE8}") = "ApiGateways", "ApiGateways", "{A91F9A15-15DC-40DB-A44E-9C738ACE5BB2}"
EndProject
Project("{FAE04EC0-301F-11D3-BF4B-00C04F79EFBC}") = "YarpApiGateway", "ApiGateways\YarpApiGateway\YarpApiGateway.csproj", "{A2F88DAE-8E77-4CAA-8E21-C5B61B461693}"
EndProject
Project("{2150E333-8FDC-42A3-9474-1A3956D46DE8}") = "WebApps", "WebApps", "{BB5DA5A9-52C7-4E15-99F8-EF0B843612A7}"
EndProject
Project("{FAE04EC0-301F-11D3-BF4B-00C04F79EFBC}") = "Shopping.Web", "WebApps\Shopping.Web\Shopping.Web.csproj", "{FC36FF9C-FAB1-44FE-A771-7C69EF4DA273}"
EndProject
Global
	GlobalSection(SolutionConfigurationPlatforms) = preSolution
		Debug|Any CPU = Debug|Any CPU
		Release|Any CPU = Release|Any CPU
	EndGlobalSection
	GlobalSection(ProjectConfigurationPlatforms) = postSolution
		{CF6D1796-3846-4462-BF15-33752561708C}.Debug|Any CPU.ActiveCfg = Debug|Any CPU
		{CF6D1796-3846-4462-BF15-33752561708C}.Debug|Any CPU.Build.0 = Debug|Any CPU
		{CF6D1796-3846-4462-BF15-33752561708C}.Release|Any CPU.ActiveCfg = Release|Any CPU
		{CF6D1796-3846-4462-BF15-33752561708C}.Release|Any CPU.Build.0 = Release|Any CPU
		{583E24CD-B5A2-4CF7-ACDC-DEAF53A4B1EB}.Debug|Any CPU.ActiveCfg = Debug|Any CPU
		{583E24CD-B5A2-4CF7-ACDC-DEAF53A4B1EB}.Debug|Any CPU.Build.0 = Debug|Any CPU
		{583E24CD-B5A2-4CF7-ACDC-DEAF53A4B1EB}.Release|Any CPU.ActiveCfg = Release|Any CPU
		{583E24CD-B5A2-4CF7-ACDC-DEAF53A4B1EB}.Release|Any CPU.Build.0 = Release|Any CPU
		{EB9BA851-904D-44D5-BF58-A08EE65EE212}.Debug|Any CPU.ActiveCfg = Debug|Any CPU
		{EB9BA851-904D-44D5-BF58-A08EE65EE212}.Debug|Any CPU.Build.0 = Debug|Any CPU
		{EB9BA851-904D-44D5-BF58-A08EE65EE212}.Release|Any CPU.ActiveCfg = Release|Any CPU
		{EB9BA851-904D-44D5-BF58-A08EE65EE212}.Release|Any CPU.Build.0 = Release|Any CPU
		{175A5997-2D92-4FFF-B170-D4D08086FAA0}.Debug|Any CPU.ActiveCfg = Debug|Any CPU
		{175A5997-2D92-4FFF-B170-D4D08086FAA0}.Debug|Any CPU.Build.0 = Debug|Any CPU
		{175A5997-2D92-4FFF-B170-D4D08086FAA0}.Release|Any CPU.ActiveCfg = Release|Any CPU
		{175A5997-2D92-4FFF-B170-D4D08086FAA0}.Release|Any CPU.Build.0 = Release|Any CPU
		{0E42BA83-4BF6-4185-961E-DFF9B38F757B}.Debug|Any CPU.ActiveCfg = Debug|Any CPU
		{0E42BA83-4BF6-4185-961E-DFF9B38F757B}.Debug|Any CPU.Build.0 = Debug|Any CPU
		{0E42BA83-4BF6-4185-961E-DFF9B38F757B}.Release|Any CPU.ActiveCfg = Release|Any CPU
		{0E42BA83-4BF6-4185-961E-DFF9B38F757B}.Release|Any CPU.Build.0 = Release|Any CPU
		{3B8F1963-FE7E-4242-B21E-0FD0422DCA08}.Debug|Any CPU.ActiveCfg = Debug|Any CPU
		{3B8F1963-FE7E-4242-B21E-0FD0422DCA08}.Debug|Any CPU.Build.0 = Debug|Any CPU
		{3B8F1963-FE7E-4242-B21E-0FD0422DCA08}.Release|Any CPU.ActiveCfg = Release|Any CPU
		{3B8F1963-FE7E-4242-B21E-0FD0422DCA08}.Release|Any CPU.Build.0 = Release|Any CPU
		{26428570-A401-488E-983C-2CEBB26F372E}.Debug|Any CPU.ActiveCfg = Debug|Any CPU
		{26428570-A401-488E-983C-2CEBB26F372E}.Debug|Any CPU.Build.0 = Debug|Any CPU
		{26428570-A401-488E-983C-2CEBB26F372E}.Release|Any CPU.ActiveCfg = Release|Any CPU
		{26428570-A401-488E-983C-2CEBB26F372E}.Release|Any CPU.Build.0 = Release|Any CPU
		{7C2D1955-39B3-4863-A083-D4EE42263ED0}.Debug|Any CPU.ActiveCfg = Debug|Any CPU
		{7C2D1955-39B3-4863-A083-D4EE42263ED0}.Debug|Any CPU.Build.0 = Debug|Any CPU
		{7C2D1955-39B3-4863-A083-D4EE42263ED0}.Release|Any CPU.ActiveCfg = Release|Any CPU
		{7C2D1955-39B3-4863-A083-D4EE42263ED0}.Release|Any CPU.Build.0 = Release|Any CPU
		{86327DE0-9452-4907-BBDB-3FA617B4A256}.Debug|Any CPU.ActiveCfg = Debug|Any CPU
		{86327DE0-9452-4907-BBDB-3FA617B4A256}.Debug|Any CPU.Build.0 = Debug|Any CPU
		{86327DE0-9452-4907-BBDB-3FA617B4A256}.Release|Any CPU.ActiveCfg = Release|Any CPU
		{86327DE0-9452-4907-BBDB-3FA617B4A256}.Release|Any CPU.Build.0 = Release|Any CPU
		{D0CC8B4E-43E0-490C-87C0-6EDAAE70B0A0}.Debug|Any CPU.ActiveCfg = Debug|Any CPU
		{D0CC8B4E-43E0-490C-87C0-6EDAAE70B0A0}.Debug|Any CPU.Build.0 = Debug|Any CPU
		{D0CC8B4E-43E0-490C-87C0-6EDAAE70B0A0}.Release|Any CPU.ActiveCfg = Release|Any CPU
		{D0CC8B4E-43E0-490C-87C0-6EDAAE70B0A0}.Release|Any CPU.Build.0 = Release|Any CPU
		{A2F88DAE-8E77-4CAA-8E21-C5B61B461693}.Debug|Any CPU.ActiveCfg = Debug|Any CPU
		{A2F88DAE-8E77-4CAA-8E21-C5B61B461693}.Debug|Any CPU.Build.0 = Debug|Any CPU
		{A2F88DAE-8E77-4CAA-8E21-C5B61B461693}.Release|Any CPU.ActiveCfg = Release|Any CPU
		{A2F88DAE-8E77-4CAA-8E21-C5B61B461693}.Release|Any CPU.Build.0 = Release|Any CPU
		{FC36FF9C-FAB1-44FE-A771-7C69EF4DA273}.Debug|Any CPU.ActiveCfg = Debug|Any CPU
		{FC36FF9C-FAB1-44FE-A771-7C69EF4DA273}.Debug|Any CPU.Build.0 = Debug|Any CPU
		{FC36FF9C-FAB1-44FE-A771-7C69EF4DA273}.Release|Any CPU.ActiveCfg = Release|Any CPU
		{FC36FF9C-FAB1-44FE-A771-7C69EF4DA273}.Release|Any CPU.Build.0 = Release|Any CPU
	EndGlobalSection
	GlobalSection(SolutionProperties) = preSolution
		HideSolutionNode = FALSE
	EndGlobalSection
	GlobalSection(NestedProjects) = preSolution
		{075D4998-D445-4ED0-9443-A47B1C338EB2} = {84B83AF8-BE7C-4FF9-A903-1D7EAB5FE728}
		{CF6D1796-3846-4462-BF15-33752561708C} = {075D4998-D445-4ED0-9443-A47B1C338EB2}
		{583E24CD-B5A2-4CF7-ACDC-DEAF53A4B1EB} = {4ED49305-70B1-4661-9F82-0148BD340A97}
		{8EBC17D0-0869-464B-BD76-B3C25495C380} = {84B83AF8-BE7C-4FF9-A903-1D7EAB5FE728}
		{175A5997-2D92-4FFF-B170-D4D08086FAA0} = {8EBC17D0-0869-464B-BD76-B3C25495C380}
		{04C4BE82-4D6B-47B5-B0EC-C60C801377BB} = {84B83AF8-BE7C-4FF9-A903-1D7EAB5FE728}
		{0E42BA83-4BF6-4185-961E-DFF9B38F757B} = {04C4BE82-4D6B-47B5-B0EC-C60C801377BB}
		{B4282C8A-FE96-42BF-BB94-8684D1336F88} = {84B83AF8-BE7C-4FF9-A903-1D7EAB5FE728}
		{3B8F1963-FE7E-4242-B21E-0FD0422DCA08} = {B4282C8A-FE96-42BF-BB94-8684D1336F88}
		{26428570-A401-488E-983C-2CEBB26F372E} = {B4282C8A-FE96-42BF-BB94-8684D1336F88}
		{7C2D1955-39B3-4863-A083-D4EE42263ED0} = {B4282C8A-FE96-42BF-BB94-8684D1336F88}
		{86327DE0-9452-4907-BBDB-3FA617B4A256} = {B4282C8A-FE96-42BF-BB94-8684D1336F88}
		{D0CC8B4E-43E0-490C-87C0-6EDAAE70B0A0} = {4ED49305-70B1-4661-9F82-0148BD340A97}
		{A2F88DAE-8E77-4CAA-8E21-C5B61B461693} = {A91F9A15-15DC-40DB-A44E-9C738ACE5BB2}
		{FC36FF9C-FAB1-44FE-A771-7C69EF4DA273} = {BB5DA5A9-52C7-4E15-99F8-EF0B843612A7}
	EndGlobalSection
	GlobalSection(ExtensibilityGlobals) = postSolution
		SolutionGuid = {1041120F-1166-4EC5-A189-67686EC70883}
	EndGlobalSection
EndGlobal
